
Microsoft Visual Studio Solution File, Format Version 12.00
# Visual Studio 2015
Project("{FAE04EC0-301F-11D3-BF4B-00C04F79EFBC}") = "ConfuseDongbang_Server.CSharp.Plugins", "ConfuseDongbang_Server.CSharp.Plugins.csproj", "{B988787A-6228-49E2-2F24-79F22EAD3D82}"
EndProject
Project("{FAE04EC0-301F-11D3-BF4B-00C04F79EFBC}") = "ConfuseDongbang_Server.CSharp", "ConfuseDongbang_Server.CSharp.csproj", "{DBF23DC5-4DEF-DB91-2F87-EA1920913000}"
EndProject
Project("{FAE04EC0-301F-11D3-BF4B-00C04F79EFBC}") = "ConfuseDongbang_Server.CSharp.Editor", "ConfuseDongbang_Server.CSharp.Editor.csproj", "{6736AE6C-E039-E28F-86E3-68B7E0A689A8}"
EndProject
Global
	GlobalSection(SolutionConfigurationPlatforms) = preSolution
		Debug|Any CPU = Debug|Any CPU
		Release|Any CPU = Release|Any CPU
	EndGlobalSection
	GlobalSection(ProjectConfigurationPlatforms) = postSolution
		{B988787A-6228-49E2-2F24-79F22EAD3D82}.Debug|Any CPU.ActiveCfg = Debug|Any CPU
		{B988787A-6228-49E2-2F24-79F22EAD3D82}.Debug|Any CPU.Build.0 = Debug|Any CPU
		{B988787A-6228-49E2-2F24-79F22EAD3D82}.Release|Any CPU.ActiveCfg = Release|Any CPU
		{B988787A-6228-49E2-2F24-79F22EAD3D82}.Release|Any CPU.Build.0 = Release|Any CPU
		{DBF23DC5-4DEF-DB91-2F87-EA1920913000}.Debug|Any CPU.ActiveCfg = Debug|Any CPU
		{DBF23DC5-4DEF-DB91-2F87-EA1920913000}.Debug|Any CPU.Build.0 = Debug|Any CPU
		{DBF23DC5-4DEF-DB91-2F87-EA1920913000}.Release|Any CPU.ActiveCfg = Release|Any CPU
		{DBF23DC5-4DEF-DB91-2F87-EA1920913000}.Release|Any CPU.Build.0 = Release|Any CPU
		{6736AE6C-E039-E28F-86E3-68B7E0A689A8}.Debug|Any CPU.ActiveCfg = Debug|Any CPU
		{6736AE6C-E039-E28F-86E3-68B7E0A689A8}.Debug|Any CPU.Build.0 = Debug|Any CPU
		{6736AE6C-E039-E28F-86E3-68B7E0A689A8}.Release|Any CPU.ActiveCfg = Release|Any CPU
		{6736AE6C-E039-E28F-86E3-68B7E0A689A8}.Release|Any CPU.Build.0 = Release|Any CPU
	EndGlobalSection
	GlobalSection(SolutionProperties) = preSolution
		HideSolutionNode = FALSE
	EndGlobalSection
EndGlobal
